{
  "name": "ssock",
  "lockfileVersion": 3,
  "requires": true,
  "packages": {
    "": {
      "dependencies": {
        "@nestjs/class-validator": "^0.13.4",
        "express-basic-auth": "^1.2.1",
        "g": "^2.0.1"
      }
    },
    "node_modules/@nestjs/class-validator": {
      "version": "0.13.4",
      "resolved": "https://registry.npmjs.org/@nestjs/class-validator/-/class-validator-0.13.4.tgz",
      "integrity": "sha512-/mqZL36LJ5uV5WDhi87Cd52IssuO+SStaOr2+6sBsvCCGUWkoJes4Wwzmm3m/gdHH+tsNxX60sVSzYcU6hAy9Q==",
      "dependencies": {
        "libphonenumber-js": "^1.9.43",
        "validator": "^13.7.0"
      }
    },
    "node_modules/asynckit": {
      "version": "0.4.0",
      "resolved": "https://registry.npmjs.org/asynckit/-/asynckit-0.4.0.tgz",
      "integrity": "sha512-Oei9OH4tRh0YqU3GxhX79dM/mwVgvbZJaSNaRk+bshkj0S5cfHcgYakreBjrHwatXKbz+IoIdYLxrKim2MjW0Q=="
    },
    "node_modules/basic-auth": {
      "version": "2.0.1",
      "resolved": "https://registry.npmjs.org/basic-auth/-/basic-auth-2.0.1.tgz",
      "integrity": "sha512-NF+epuEdnUYVlGuhaxbbq+dvJttwLnGY+YixlXlME5KpQ5W3CnXA5cVTneY3SPbPDRkcjMbifrwmFYcClgOZeg==",
      "dependencies": {
        "safe-buffer": "5.1.2"
      },
      "engines": {
        "node": ">= 0.8"
      }
    },
    "node_modules/combined-stream": {
      "version": "1.0.8",
      "resolved": "https://registry.npmjs.org/combined-stream/-/combined-stream-1.0.8.tgz",
      "integrity": "sha512-FQN4MRfuJeHf7cBbBMJFXhKSDq+2kAArBlmRBvcvFE5BB1HZKXtSFASDhdlz9zOYwxh8lDdnvmMOe/+5cdoEdg==",
      "dependencies": {
        "delayed-stream": "~1.0.0"
      },
      "engines": {
        "node": ">= 0.8"
      }
    },
    "node_modules/delayed-stream": {
      "version": "1.0.0",
      "resolved": "https://registry.npmjs.org/delayed-stream/-/delayed-stream-1.0.0.tgz",
      "integrity": "sha512-ZySD7Nf91aLB0RxL4KGrKHBXl7Eds1DAmEdcoVawXnLD7SDhpNgtuII2aAkg7a7QS41jxPSZ17p4VdGnMHk3MQ==",
      "engines": {
        "node": ">=0.4.0"
      }
    },
    "node_modules/express-basic-auth": {
      "version": "1.2.1",
      "resolved": "https://registry.npmjs.org/express-basic-auth/-/express-basic-auth-1.2.1.tgz",
      "integrity": "sha512-L6YQ1wQ/mNjVLAmK3AG1RK6VkokA1BIY6wmiH304Xtt/cLTps40EusZsU1Uop+v9lTDPxdtzbFmdXfFO3KEnwA==",
      "dependencies": {
        "basic-auth": "^2.0.1"
      }
    },
    "node_modules/follow-redirects": {
      "version": "1.15.3",
      "resolved": "https://registry.npmjs.org/follow-redirects/-/follow-redirects-1.15.3.tgz",
      "integrity": "sha512-1VzOtuEM8pC9SFU1E+8KfTjZyMztRsgEfwQl44z8A25uy13jSzTj6dyK2Df52iV0vgHCfBwLhDWevLn95w5v6Q==",
      "funding": [
        {
          "type": "individual",
          "url": "https://github.com/sponsors/RubenVerborgh"
        }
      ],
      "engines": {
        "node": ">=4.0"
      },
      "peerDependenciesMeta": {
        "debug": {
          "optional": true
        }
      }
    },
    "node_modules/form-data": {
      "version": "4.0.0",
      "resolved": "https://registry.npmjs.org/form-data/-/form-data-4.0.0.tgz",
      "integrity": "sha512-ETEklSGi5t0QMZuiXoA/Q6vcnxcLQP5vdugSpuAyi6SVGi2clPPp+xgEhuMaHC+zGgn31Kd235W35f7Hykkaww==",
      "dependencies": {
        "asynckit": "^0.4.0",
        "combined-stream": "^1.0.8",
        "mime-types": "^2.1.12"
      },
      "engines": {
        "node": ">= 6"
      }
    },
    "node_modules/g": {
      "version": "2.0.1",
      "resolved": "https://registry.npmjs.org/g/-/g-2.0.1.tgz",
      "integrity": "sha512-Fi6Ng5fZ/ANLQ15H11hCe+09sgUoNvDEBevVgx3KoYOhsH5iLNPn54hx0jPZ+3oSWr+xajnp2Qau9VmPsc7hTA=="
    },
    "node_modules/libphonenumber-js": {
      "version": "1.10.49",
      "resolved": "https://registry.npmjs.org/libphonenumber-js/-/libphonenumber-js-1.10.49.tgz",
      "integrity": "sha512-gvLtyC3tIuqfPzjvYLH9BmVdqzGDiSi4VjtWe2fAgSdBf0yt8yPmbNnRIHNbR5IdtVkm0ayGuzwQKTWmU0hdjQ=="
    },
    "node_modules/mime-db": {
      "version": "1.52.0",
      "resolved": "https://registry.npmjs.org/mime-db/-/mime-db-1.52.0.tgz",
      "integrity": "sha512-sPU4uV7dYlvtWJxwwxHD0PuihVNiE7TyAbQ5SWxDCB9mUYvOgroQOwYQQOKPJ8CIbE+1ETVlOoK1UC2nU3gYvg==",
      "engines": {
        "node": ">= 0.6"
      }
    },
    "node_modules/mime-types": {
      "version": "2.1.35",
      "resolved": "https://registry.npmjs.org/mime-types/-/mime-types-2.1.35.tgz",
      "integrity": "sha512-ZDY+bPm5zTTF+YpCrAU9nK0UgICYPT0QtT1NZWFv4s++TNkcgVaT0g6+4R2uI4MjQjzysHB1zxuWL50hzaeXiw==",
      "dependencies": {
        "mime-db": "1.52.0"
      },
      "engines": {
        "node": ">= 0.6"
      }
    },
    "node_modules/proxy-from-env": {
      "version": "1.1.0",
      "resolved": "https://registry.npmjs.org/proxy-from-env/-/proxy-from-env-1.1.0.tgz",
      "integrity": "sha512-D+zkORCbA9f1tdWRK0RaCR3GPv50cMxcrz4X8k5LTSUD1Dkw47mKJEZQNunItRTkWwgtaUSo1RVFRIG9ZXiFYg=="
    },
    "node_modules/safe-buffer": {
      "version": "5.1.2",
      "resolved": "https://registry.npmjs.org/safe-buffer/-/safe-buffer-5.1.2.tgz",
      "integrity": "sha512-Gd2UZBJDkXlY7GbJxfsE8/nvKkUEU1G38c1siN6QP6a9PT9MmHB8GnpscSmMJSoF8LOIrt8ud/wPtojys4G6+g=="
    },
    "node_modules/validator": {
      "version": "13.11.0",
      "resolved": "https://registry.npmjs.org/validator/-/validator-13.11.0.tgz",
      "integrity": "sha512-Ii+sehpSfZy+At5nPdnyMhx78fEoPDkR2XW/zimHEL3MyGJQOCQ7WeP20jPYRz7ZCpcKLB21NxuXHF3bxjStBQ==",
      "engines": {
        "node": ">= 0.10"
      }
    }
  }
}
